// !$*UTF8*$!
{
	archiveVersion = 1;
	classes = {
	};
	objectVersion = 46;
	objects = {

/* Begin PBXBuildFile section */
		40AA4C82194BE0D7005093E5 /* main.m in Sources */ = {isa = PBXBuildFile; fileRef = 40AA4C81194BE0D7005093E5 /* main.m */; };
		40AA4C85194BE0D7005093E5 /* AppDelegate.m in Sources */ = {isa = PBXBuildFile; fileRef = 40AA4C84194BE0D7005093E5 /* AppDelegate.m */; };
		40AA4C87194BE0D7005093E5 /* Images.xcassets in Resources */ = {isa = PBXBuildFile; fileRef = 40AA4C86194BE0D7005093E5 /* Images.xcassets */; };
		40AA4C93194BE0D7005093E5 /* fbpostTests.m in Sources */ = {isa = PBXBuildFile; fileRef = 40AA4C92194BE0D7005093E5 /* fbpostTests.m */; };
/* End PBXBuildFile section */

/* Begin PBXContainerItemProxy section */
		40AA4C8D194BE0D7005093E5 /* PBXContainerItemProxy */ = {
			isa = PBXContainerItemProxy;
			containerPortal = 40AA4C74194BE0D7005093E5 /* Project object */;
			proxyType = 1;
			remoteGlobalIDString = 40AA4C7B194BE0D7005093E5;
			remoteInfo = fbpost;
		};
/* End PBXContainerItemProxy section */

/* Begin PBXFileReference section */
		40AA4C7C194BE0D7005093E5 /* fbpost.app */ = {isa = PBXFileReference; explicitFileType = wrapper.application; includeInIndex = 0; path = fbpost.app; sourceTree = BUILT_PRODUCTS_DIR; };
		40AA4C80194BE0D7005093E5 /* Info.plist */ = {isa = PBXFileReference; lastKnownFileType = text.plist.xml; path = Info.plist; sourceTree = "<group>"; };
		40AA4C81194BE0D7005093E5 /* main.m */ = {isa = PBXFileReference; lastKnownFileType = sourcecode.c.objc; path = main.m; sourceTree = "<group>"; };
		40AA4C83194BE0D7005093E5 /* AppDelegate.h */ = {isa = PBXFileReference; lastKnownFileType = sourcecode.c.h; path = AppDelegate.h; sourceTree = "<group>"; };
		40AA4C84194BE0D7005093E5 /* AppDelegate.m */ = {isa = PBXFileReference; lastKnownFileType = sourcecode.c.objc; path = AppDelegate.m; sourceTree = "<group>"; };
		40AA4C86194BE0D7005093E5 /* Images.xcassets */ = {isa = PBXFileReference; lastKnownFileType = folder.assetcatalog; path = Images.xcassets; sourceTree = "<group>"; };
		40AA4C8C194BE0D7005093E5 /* fbpostTests.xctest */ = {isa = PBXFileReference; explicitFileType = wrapper.cfbundle; includeInIndex = 0; path = fbpostTests.xctest; sourceTree = BUILT_PRODUCTS_DIR; };
		40AA4C91194BE0D7005093E5 /* Info.plist */ = {isa = PBXFileReference; lastKnownFileType = text.plist.xml; path = Info.plist; sourceTree = "<group>"; };
		40AA4C92194BE0D7005093E5 /* fbpostTests.m */ = {isa = PBXFileReference; lastKnownFileType = sourcecode.c.objc; path = fbpostTests.m; sourceTree = "<group>"; };
/* End PBXFileReference section */

/* Begin PBXFrameworksBuildPhase section */
		40AA4C79194BE0D7005093E5 /* Frameworks */ = {
			isa = PBXFrameworksBuildPhase;
			buildActionMask = 2147483647;
			files = (
			);
			runOnlyForDeploymentPostprocessing = 0;
		};
		40AA4C89194BE0D7005093E5 /* Frameworks */ = {
			isa = PBXFrameworksBuildPhase;
			buildActionMask = 2147483647;
			files = (
			);
			runOnlyForDeploymentPostprocessing = 0;
		};
/* End PBXFrameworksBuildPhase section */

/* Begin PBXGroup section */
		40AA4C73194BE0D7005093E5 = {
			isa = PBXGroup;
			children = (
				40AA4C7E194BE0D7005093E5 /* fbpost */,
				40AA4C8F194BE0D7005093E5 /* fbpostTests */,
				40AA4C7D194BE0D7005093E5 /* Products */,
			);
			sourceTree = "<group>";
		};
		40AA4C7D194BE0D7005093E5 /* Products */ = {
			isa = PBXGroup;
			children = (
				40AA4C7C194BE0D7005093E5 /* fbpost.app */,
				40AA4C8C194BE0D7005093E5 /* fbpostTests.xctest */,
			);
			name = Products;
			sourceTree = "<group>";
		};
		40AA4C7E194BE0D7005093E5 /* fbpost */ = {
			isa = PBXGroup;
			children = (
				40AA4C83194BE0D7005093E5 /* AppDelegate.h */,
				40AA4C84194BE0D7005093E5 /* AppDelegate.m */,
				40AA4C86194BE0D7005093E5 /* Images.xcassets */,
				40AA4C7F194BE0D7005093E5 /* Supporting Files */,
			);
			path = fbpost;
			sourceTree = "<group>";
		};
		40AA4C7F194BE0D7005093E5 /* Supporting Files */ = {
			isa = PBXGroup;
			children = (
				40AA4C80194BE0D7005093E5 /* Info.plist */,
				40AA4C81194BE0D7005093E5 /* main.m */,
			);
			name = "Supporting Files";
			sourceTree = "<group>";
		};
		40AA4C8F194BE0D7005093E5 /* fbpostTests */ = {
			isa = PBXGroup;
			children = (
				40AA4C92194BE0D7005093E5 /* fbpostTests.m */,
				40AA4C90194BE0D7005093E5 /* Supporting Files */,
			);
			path = fbpostTests;
			sourceTree = "<group>";
		};
		40AA4C90194BE0D7005093E5 /* Supporting Files */ = {
			isa = PBXGroup;
			children = (
				40AA4C91194BE0D7005093E5 /* Info.plist */,
			);
			name = "Supporting Files";
			sourceTree = "<group>";
		};
/* End PBXGroup section */

/* Begin PBXNativeTarget section */
		40AA4C7B194BE0D7005093E5 /* fbpost */ = {
			isa = PBXNativeTarget;
			buildConfigurationList = 40AA4C96194BE0D7005093E5 /* Build configuration list for PBXNativeTarget "fbpost" */;
			buildPhases = (
				40AA4C78194BE0D7005093E5 /* Sources */,
				40AA4C79194BE0D7005093E5 /* Frameworks */,
				40AA4C7A194BE0D7005093E5 /* Resources */,
			);
			buildRules = (
			);
			dependencies = (
			);
			name = fbpost;
			productName = fbpost;
			productReference = 40AA4C7C194BE0D7005093E5 /* fbpost.app */;
			productType = "com.apple.product-type.application";
		};
		40AA4C8B194BE0D7005093E5 /* fbpostTests */ = {
			isa = PBXNativeTarget;
			buildConfigurationList = 40AA4C99194BE0D7005093E5 /* Build configuration list for PBXNativeTarget "fbpostTests" */;
			buildPhases = (
				40AA4C88194BE0D7005093E5 /* Sources */,
				40AA4C89194BE0D7005093E5 /* Frameworks */,
				40AA4C8A194BE0D7005093E5 /* Resources */,
			);
			buildRules = (
			);
			dependencies = (
				40AA4C8E194BE0D7005093E5 /* PBXTargetDependency */,
			);
			name = fbpostTests;
			productName = fbpostTests;
			productReference = 40AA4C8C194BE0D7005093E5 /* fbpostTests.xctest */;
			productType = "com.apple.product-type.bundle.unit-test";
		};
/* End PBXNativeTarget section */

/* Begin PBXProject section */
		40AA4C74194BE0D7005093E5 /* Project object */ = {
			isa = PBXProject;
			attributes = {
				LastUpgradeCheck = 0600;
				ORGANIZATIONNAME = "Gabriel Valdivia";
				TargetAttributes = {
					40AA4C7B194BE0D7005093E5 = {
						CreatedOnToolsVersion = 6.0;
					};
					40AA4C8B194BE0D7005093E5 = {
						CreatedOnToolsVersion = 6.0;
						TestTargetID = 40AA4C7B194BE0D7005093E5;
					};
				};
			};
			buildConfigurationList = 40AA4C77194BE0D7005093E5 /* Build configuration list for PBXProject "fbpost" */;
			compatibilityVersion = "Xcode 3.2";
			developmentRegion = English;
			hasScannedForEncodings = 0;
			knownRegions = (
				en,
			);
			mainGroup = 40AA4C73194BE0D7005093E5;
			productRefGroup = 40AA4C7D194BE0D7005093E5 /* Products */;
			projectDirPath = "";
			projectRoot = "";
			targets = (
				40AA4C7B194BE0D7005093E5 /* fbpost */,
				40AA4C8B194BE0D7005093E5 /* fbpostTests */,
			);
		};
/* End PBXProject section */

/* Begin PBXResourcesBuildPhase section */
		40AA4C7A194BE0D7005093E5 /* Resources */ = {
			isa = PBXResourcesBuildPhase;
			buildActionMask = 2147483647;
			files = (
				40AA4C87194BE0D7005093E5 /* Images.xcassets in Resources */,
			);
			runOnlyForDeploymentPostprocessing = 0;
		};
		40AA4C8A194BE0D7005093E5 /* Resources */ = {
			isa = PBXResourcesBuildPhase;
			buildActionMask = 2147483647;
			files = (
			);
			runOnlyForDeploymentPostprocessing = 0;
		};
/* End PBXResourcesBuildPhase section */

/* Begin PBXSourcesBuildPhase section */
		40AA4C78194BE0D7005093E5 /* Sources */ = {
			isa = PBXSourcesBuildPhase;
			buildActionMask = 2147483647;
			files = (
				40AA4C85194BE0D7005093E5 /* AppDelegate.m in Sources */,
				40AA4C82194BE0D7005093E5 /* main.m in Sources */,
			);
			runOnlyForDeploymentPostprocessing = 0;
		};
		40AA4C88194BE0D7005093E5 /* Sources */ = {
			isa = PBXSourcesBuildPhase;
			buildActionMask = 2147483647;
			files = (
				40AA4C93194BE0D7005093E5 /* fbpostTests.m in Sources */,
			);
			runOnlyForDeploymentPostprocessing = 0;
		};
/* End PBXSourcesBuildPhase section */

/* Begin PBXTargetDependency section */
		40AA4C8E194BE0D7005093E5 /* PBXTargetDependency */ = {
			isa = PBXTargetDependency;
			target = 40AA4C7B194BE0D7005093E5 /* fbpost */;
			targetProxy = 40AA4C8D194BE0D7005093E5 /* PBXContainerItemProxy */;
		};
/* End PBXTargetDependency section */

/* Begin XCBuildConfiguration section */
		40AA4C94194BE0D7005093E5 /* Debug */ = {
			isa = XCBuildConfiguration;
			buildSettings = {
				ALWAYS_SEARCH_USER_PATHS = NO;
				CLANG_CXX_LANGUAGE_STANDARD = "gnu++0x";
				CLANG_CXX_LIBRARY = "libc++";
				CLANG_ENABLE_MODULES = YES;
				CLANG_ENABLE_OBJC_ARC = YES;
				CLANG_WARN_BOOL_CONVERSION = YES;
				CLANG_WARN_CONSTANT_CONVERSION = YES;
				CLANG_WARN_DIRECT_OBJC_ISA_USAGE = YES_ERROR;
				CLANG_WARN_EMPTY_BODY = YES;
				CLANG_WARN_ENUM_CONVERSION = YES;
				CLANG_WARN_INT_CONVERSION = YES;
				CLANG_WARN_OBJC_ROOT_CLASS = YES_ERROR;
				CLANG_WARN_UNREACHABLE_CODE = YES;
				CLANG_WARN__DUPLICATE_METHOD_MATCH = YES;
				"CODE_SIGN_IDENTITY[sdk=iphoneos*]" = "iPhone Developer";
				COPY_PHASE_STRIP = NO;
				ENABLE_STRICT_OBJC_MSGSEND = YES;
				GCC_C_LANGUAGE_STANDARD = gnu99;
				GCC_DYNAMIC_NO_PIC = NO;
				GCC_OPTIMIZATION_LEVEL = 0;
				GCC_PREPROCESSOR_DEFINITIONS = (
					"DEBUG=1",
					"$(inherited)",
				);
				GCC_SYMBOLS_PRIVATE_EXTERN = NO;
				GCC_WARN_64_TO_32_BIT_CONVERSION = YES;
				GCC_WARN_ABOUT_RETURN_TYPE = YES_ERROR;
				GCC_WARN_UNDECLARED_SELECTOR = YES;
				GCC_WARN_UNINITIALIZED_AUTOS = YES_AGGRESSIVE;
				GCC_WARN_UNUSED_FUNCTION = YES;
				GCC_WARN_UNUSED_VARIABLE = YES;
				IPHONEOS_DEPLOYMENT_TARGET = 8.0;
				METAL_ENABLE_DEBUG_INFO = YES;
				ONLY_ACTIVE_ARCH = YES;
				SDKROOT = iphoneos;
				TARGETED_DEVICE_FAMILY = "1,2";
			};
			name = Debug;
		};
		40AA4C95194BE0D7005093E5 /* Release */ = {
			isa = XCBuildConfiguration;
			buildSettings = {
				ALWAYS_SEARCH_USER_PATHS = NO;
				CLANG_CXX_LANGUAGE_STANDARD = "gnu++0x";
				CLANG_CXX_LIBRARY = "libc++";
				CLANG_ENABLE_MODULES = YES;
				CLANG_ENABLE_OBJC_ARC = YES;
				CLANG_WARN_BOOL_CONVERSION = YES;
				CLANG_WARN_CONSTANT_CONVERSION = YES;
				CLANG_WARN_DIRECT_OBJC_ISA_USAGE = YES_ERROR;
				CLANG_WARN_EMPTY_BODY = YES;
				CLANG_WARN_ENUM_CONVERSION = YES;
				CLANG_WARN_INT_CONVERSION = YES;
				CLANG_WARN_OBJC_ROOT_CLASS = YES_ERROR;
				CLANG_WARN_UNREACHABLE_CODE = YES;
				CLANG_WARN__DUPLICATE_METHOD_MATCH = YES;
				"CODE_SIGN_IDENTITY[sdk=iphoneos*]" = "iPhone Developer";
				COPY_PHASE_STRIP = YES;
				ENABLE_NS_ASSERTIONS = NO;
				ENABLE_STRICT_OBJC_MSGSEND = YES;
				GCC_C_LANGUAGE_STANDARD = gnu99;
				GCC_WARN_64_TO_32_BIT_CONVERSION = YES;
				GCC_WARN_ABOUT_RETURN_TYPE = YES_ERROR;
				GCC_WARN_UNDECLARED_SELECTOR = YES;
				GCC_WARN_UNINITIALIZED_AUTOS = YES_AGGRESSIVE;
				GCC_WARN_UNUSED_FUNCTION = YES;
				GCC_WARN_UNUSED_VARIABLE = YES;
				IPHONEOS_DEPLOYMENT_TARGET = 8.0;
				METAL_ENABLE_DEBUG_INFO = NO;
				SDKROOT = iphoneos;
				TARGETED_DEVICE_FAMILY = "1,2";
				VALIDATE_PRODUCT = YES;
			};
			name = Release;
		};
		40AA4C97194BE0D7005093E5 /* Debug */ = {
			isa = XCBuildConfiguration;
			buildSettings = {
				ASSETCATALOG_COMPILER_APPICON_NAME = AppIcon;
				ASSETCATALOG_COMPILER_LAUNCHIMAGE_NAME = LaunchImage;
				INFOPLIST_FILE = fbpost/Info.plist;
				LD_RUNPATH_SEARCH_PATHS = "$(inherited) @executable_path/Frameworks";
				PRODUCT_NAME = "$(TARGET_NAME)";
			};
			name = Debug;
		};
		40AA4C98194BE0D7005093E5 /* Release */ = {
			isa = XCBuildConfiguration;
			buildSettings = {
				ASSETCATALOG_COMPILER_APPICON_NAME = AppIcon;
				ASSETCATALOG_COMPILER_LAUNCHIMAGE_NAME = LaunchImage;
				INFOPLIST_FILE = fbpost/Info.plist;
				LD_RUNPATH_SEARCH_PATHS = "$(inherited) @executable_path/Frameworks";
				PRODUCT_NAME = "$(TARGET_NAME)";
			};
			name = Release;
		};
		40AA4C9A194BE0D7005093E5 /* Debug */ = {
			isa = XCBuildConfiguration;
			buildSettings = {
				BUNDLE_LOADER = "$(BUILT_PRODUCTS_DIR)/fbpost.app/fbpost";
				FRAMEWORK_SEARCH_PATHS = (
					"$(SDKROOT)/Developer/Library/Frameworks",
					"$(inherited)",
				);
				GCC_PREPROCESSOR_DEFINITIONS = (
					"DEBUG=1",
					"$(inherited)",
				);
				INFOPLIST_FILE = fbpostTests/Info.plist;
				LD_RUNPATH_SEARCH_PATHS = "$(inherited) @executable_path/Frameworks @loader_path/Frameworks";
				METAL_ENABLE_DEBUG_INFO = YES;
				PRODUCT_NAME = "$(TARGET_NAME)";
				TEST_HOST = "$(BUNDLE_LOADER)";
			};
			name = Debug;
		};
		40AA4C9B194BE0D7005093E5 /* Release */ = {
			isa = XCBuildConfiguration;
			buildSettings = {
				BUNDLE_LOADER = "$(BUILT_PRODUCTS_DIR)/fbpost.app/fbpost";
				FRAMEWORK_SEARCH_PATHS = (
					"$(SDKROOT)/Developer/Library/Frameworks",
					"$(inherited)",
				);
				INFOPLIST_FILE = fbpostTests/Info.plist;
				LD_RUNPATH_SEARCH_PATHS = "$(inherited) @executable_path/Frameworks @loader_path/Frameworks";
				METAL_ENABLE_DEBUG_INFO = NO;
				PRODUCT_NAME = "$(TARGET_NAME)";
				TEST_HOST = "$(BUNDLE_LOADER)";
			};
			name = Release;
		};
/* End XCBuildConfiguration section */

/* Begin XCConfigurationList section */
		40AA4C77194BE0D7005093E5 /* Build configuration list for PBXProject "fbpost" */ = {
			isa = XCConfigurationList;
			buildConfigurations = (
				40AA4C94194BE0D7005093E5 /* Debug */,
				40AA4C95194BE0D7005093E5 /* Release */,
			);
			defaultConfigurationIsVisible = 0;
			defaultConfigurationName = Release;
		};
		40AA4C96194BE0D7005093E5 /* Build configuration list for PBXNativeTarget "fbpost" */ = {
			isa = XCConfigurationList;
			buildConfigurations = (
				40AA4C97194BE0D7005093E5 /* Debug */,
				40AA4C98194BE0D7005093E5 /* Release */,
			);
			defaultConfigurationIsVisible = 0;
		};
		40AA4C99194BE0D7005093E5 /* Build configuration list for PBXNativeTarget "fbpostTests" */ = {
			isa = XCConfigurationList;
			buildConfigurations = (
				40AA4C9A194BE0D7005093E5 /* Debug */,
				40AA4C9B194BE0D7005093E5 /* Release */,
			);
			defaultConfigurationIsVisible = 0;
		};
/* End XCConfigurationList section */
	};
	rootObject = 40AA4C74194BE0D7005093E5 /* Project object */;
}
